// !$*UTF8*$!
{
	archiveVersion = 1;
	classes = {
	};
	objectVersion = 46;
	objects = {

/* Begin PBXBuildFile section */
		50C13A2B1D6DCA3500C4C53E /* MapKit.framework in Frameworks */ = {isa = PBXBuildFile; fileRef = 50C13A2A1D6DCA3500C4C53E /* MapKit.framework */; };
		50C13A2D1D74617B00C4C53E /* CoreLocation.framework in Frameworks */ = {isa = PBXBuildFile; fileRef = 50C13A2C1D74617B00C4C53E /* CoreLocation.framework */; };
		50C13A331D747C3B00C4C53E /* Place.m in Sources */ = {isa = PBXBuildFile; fileRef = 50C13A321D747C3B00C4C53E /* Place.m */; };
		50CF08B81D6D38D0000D98C3 /* main.m in Sources */ = {isa = PBXBuildFile; fileRef = 50CF08B71D6D38D0000D98C3 /* main.m */; };
		50CF08BB1D6D38D0000D98C3 /* AppDelegate.m in Sources */ = {isa = PBXBuildFile; fileRef = 50CF08BA1D6D38D0000D98C3 /* AppDelegate.m */; };
		50CF08BE1D6D38D0000D98C3 /* ViewController.m in Sources */ = {isa = PBXBuildFile; fileRef = 50CF08BD1D6D38D0000D98C3 /* ViewController.m */; };
		50CF08C11D6D38D0000D98C3 /* Main.storyboard in Resources */ = {isa = PBXBuildFile; fileRef = 50CF08BF1D6D38D0000D98C3 /* Main.storyboard */; };
		50CF08C31D6D38D0000D98C3 /* Assets.xcassets in Resources */ = {isa = PBXBuildFile; fileRef = 50CF08C21D6D38D0000D98C3 /* Assets.xcassets */; };
		50CF08C61D6D38D0000D98C3 /* LaunchScreen.storyboard in Resources */ = {isa = PBXBuildFile; fileRef = 50CF08C41D6D38D0000D98C3 /* LaunchScreen.storyboard */; };
		562437FB93D8274E547283AC /* libPods-TouristHelper.a in Frameworks */ = {isa = PBXBuildFile; fileRef = 2BC96F2958E58CB1BFD11EEA /* libPods-TouristHelper.a */; };
/* End PBXBuildFile section */

/* Begin PBXFileReference section */
		2BC96F2958E58CB1BFD11EEA /* libPods-TouristHelper.a */ = {isa = PBXFileReference; explicitFileType = archive.ar; includeInIndex = 0; path = "libPods-TouristHelper.a"; sourceTree = BUILT_PRODUCTS_DIR; };
		3BE42F51B9B8D1DAD5DBD843 /* Pods-TouristHelper.release.xcconfig */ = {isa = PBXFileReference; includeInIndex = 1; lastKnownFileType = text.xcconfig; name = "Pods-TouristHelper.release.xcconfig"; path = "Pods/Target Support Files/Pods-TouristHelper/Pods-TouristHelper.release.xcconfig"; sourceTree = "<group>"; };
		50C13A2A1D6DCA3500C4C53E /* MapKit.framework */ = {isa = PBXFileReference; lastKnownFileType = wrapper.framework; name = MapKit.framework; path = System/Library/Frameworks/MapKit.framework; sourceTree = SDKROOT; };
		50C13A2C1D74617B00C4C53E /* CoreLocation.framework */ = {isa = PBXFileReference; lastKnownFileType = wrapper.framework; name = CoreLocation.framework; path = System/Library/Frameworks/CoreLocation.framework; sourceTree = SDKROOT; };
		50C13A311D747C3B00C4C53E /* Place.h */ = {isa = PBXFileReference; fileEncoding = 4; lastKnownFileType = sourcecode.c.h; path = Place.h; sourceTree = "<group>"; };
		50C13A321D747C3B00C4C53E /* Place.m */ = {isa = PBXFileReference; fileEncoding = 4; lastKnownFileType = sourcecode.c.objc; path = Place.m; sourceTree = "<group>"; };
		50CF08B31D6D38D0000D98C3 /* TouristHelper.app */ = {isa = PBXFileReference; explicitFileType = wrapper.application; includeInIndex = 0; path = TouristHelper.app; sourceTree = BUILT_PRODUCTS_DIR; };
		50CF08B71D6D38D0000D98C3 /* main.m */ = {isa = PBXFileReference; lastKnownFileType = sourcecode.c.objc; path = main.m; sourceTree = "<group>"; };
		50CF08B91D6D38D0000D98C3 /* AppDelegate.h */ = {isa = PBXFileReference; lastKnownFileType = sourcecode.c.h; path = AppDelegate.h; sourceTree = "<group>"; };
		50CF08BA1D6D38D0000D98C3 /* AppDelegate.m */ = {isa = PBXFileReference; lastKnownFileType = sourcecode.c.objc; path = AppDelegate.m; sourceTree = "<group>"; };
		50CF08BC1D6D38D0000D98C3 /* ViewController.h */ = {isa = PBXFileReference; lastKnownFileType = sourcecode.c.h; path = ViewController.h; sourceTree = "<group>"; };
		50CF08BD1D6D38D0000D98C3 /* ViewController.m */ = {isa = PBXFileReference; lastKnownFileType = sourcecode.c.objc; path = ViewController.m; sourceTree = "<group>"; };
		50CF08C01D6D38D0000D98C3 /* Base */ = {isa = PBXFileReference; lastKnownFileType = file.storyboard; name = Base; path = Base.lproj/Main.storyboard; sourceTree = "<group>"; };
		50CF08C21D6D38D0000D98C3 /* Assets.xcassets */ = {isa = PBXFileReference; lastKnownFileType = folder.assetcatalog; path = Assets.xcassets; sourceTree = "<group>"; };
		50CF08C51D6D38D0000D98C3 /* Base */ = {isa = PBXFileReference; lastKnownFileType = file.storyboard; name = Base; path = Base.lproj/LaunchScreen.storyboard; sourceTree = "<group>"; };
		50CF08C71D6D38D1000D98C3 /* Info.plist */ = {isa = PBXFileReference; lastKnownFileType = text.plist.xml; path = Info.plist; sourceTree = "<group>"; };
		A035F742B64FA7303E4FEC26 /* Pods-TouristHelper.debug.xcconfig */ = {isa = PBXFileReference; includeInIndex = 1; lastKnownFileType = text.xcconfig; name = "Pods-TouristHelper.debug.xcconfig"; path = "Pods/Target Support Files/Pods-TouristHelper/Pods-TouristHelper.debug.xcconfig"; sourceTree = "<group>"; };
/* End PBXFileReference section */

/* Begin PBXFrameworksBuildPhase section */
		50CF08B01D6D38D0000D98C3 /* Frameworks */ = {
			isa = PBXFrameworksBuildPhase;
			buildActionMask = 2147483647;
			files = (
				50C13A2D1D74617B00C4C53E /* CoreLocation.framework in Frameworks */,
				50C13A2B1D6DCA3500C4C53E /* MapKit.framework in Frameworks */,
				562437FB93D8274E547283AC /* libPods-TouristHelper.a in Frameworks */,
			);
			runOnlyForDeploymentPostprocessing = 0;
		};
/* End PBXFrameworksBuildPhase section */

/* Begin PBXGroup section */
		05E5D177F31DC2147B57DD8D /* Frameworks */ = {
			isa = PBXGroup;
			children = (
				50C13A2C1D74617B00C4C53E /* CoreLocation.framework */,
				50C13A2A1D6DCA3500C4C53E /* MapKit.framework */,
				2BC96F2958E58CB1BFD11EEA /* libPods-TouristHelper.a */,
			);
			name = Frameworks;
			sourceTree = "<group>";
		};
		50CF08AA1D6D38D0000D98C3 = {
			isa = PBXGroup;
			children = (
				50CF08B51D6D38D0000D98C3 /* TouristHelper */,
				50CF08B41D6D38D0000D98C3 /* Products */,
				BB54D52A514B99034ED0BEF7 /* Pods */,
				05E5D177F31DC2147B57DD8D /* Frameworks */,
			);
			sourceTree = "<group>";
		};
		50CF08B41D6D38D0000D98C3 /* Products */ = {
			isa = PBXGroup;
			children = (
				50CF08B31D6D38D0000D98C3 /* TouristHelper.app */,
			);
			name = Products;
			sourceTree = "<group>";
		};
		50CF08B51D6D38D0000D98C3 /* TouristHelper */ = {
			isa = PBXGroup;
			children = (
				50CF08B91D6D38D0000D98C3 /* AppDelegate.h */,
				50CF08BA1D6D38D0000D98C3 /* AppDelegate.m */,
				50CF08BC1D6D38D0000D98C3 /* ViewController.h */,
				50CF08BD1D6D38D0000D98C3 /* ViewController.m */,
				50CF08BF1D6D38D0000D98C3 /* Main.storyboard */,
				50CF08C21D6D38D0000D98C3 /* Assets.xcassets */,
				50CF08C41D6D38D0000D98C3 /* LaunchScreen.storyboard */,
				50CF08C71D6D38D1000D98C3 /* Info.plist */,
				50CF08B61D6D38D0000D98C3 /* Supporting Files */,
				50C13A311D747C3B00C4C53E /* Place.h */,
				50C13A321D747C3B00C4C53E /* Place.m */,
			);
			path = TouristHelper;
			sourceTree = "<group>";
		};
		50CF08B61D6D38D0000D98C3 /* Supporting Files */ = {
			isa = PBXGroup;
			children = (
				50CF08B71D6D38D0000D98C3 /* main.m */,
			);
			name = "Supporting Files";
			sourceTree = "<group>";
		};
		BB54D52A514B99034ED0BEF7 /* Pods */ = {
			isa = PBXGroup;
			children = (
				A035F742B64FA7303E4FEC26 /* Pods-TouristHelper.debug.xcconfig */,
				3BE42F51B9B8D1DAD5DBD843 /* Pods-TouristHelper.release.xcconfig */,
			);
			name = Pods;
			sourceTree = "<group>";
		};
/* End PBXGroup section */

/* Begin PBXNativeTarget section */
		50CF08B21D6D38D0000D98C3 /* TouristHelper */ = {
			isa = PBXNativeTarget;
			buildConfigurationList = 50CF08CA1D6D38D1000D98C3 /* Build configuration list for PBXNativeTarget "TouristHelper" */;
			buildPhases = (
				452A69B44A0E5E166000E567 /* [CP] Check Pods Manifest.lock */,
				50CF08AF1D6D38D0000D98C3 /* Sources */,
				50CF08B01D6D38D0000D98C3 /* Frameworks */,
				50CF08B11D6D38D0000D98C3 /* Resources */,
				622E85C065C54DBBB0D03053 /* [CP] Embed Pods Frameworks */,
				6BE8BA193387D9C0FB2264E5 /* [CP] Copy Pods Resources */,
			);
			buildRules = (
			);
			dependencies = (
			);
			name = TouristHelper;
			productName = TouristHelper;
			productReference = 50CF08B31D6D38D0000D98C3 /* TouristHelper.app */;
			productType = "com.apple.product-type.application";
		};
/* End PBXNativeTarget section */

/* Begin PBXProject section */
		50CF08AB1D6D38D0000D98C3 /* Project object */ = {
			isa = PBXProject;
			attributes = {
				LastUpgradeCheck = 0730;
				ORGANIZATIONNAME = Tamanna;
				TargetAttributes = {
					50CF08B21D6D38D0000D98C3 = {
						CreatedOnToolsVersion = 7.3.1;
						DevelopmentTeam = W86B53C8Z7;
					};
				};
			};
			buildConfigurationList = 50CF08AE1D6D38D0000D98C3 /* Build configuration list for PBXProject "TouristHelper" */;
			compatibilityVersion = "Xcode 3.2";
			developmentRegion = English;
			hasScannedForEncodings = 0;
			knownRegions = (
				en,
				Base,
			);
			mainGroup = 50CF08AA1D6D38D0000D98C3;
			productRefGroup = 50CF08B41D6D38D0000D98C3 /* Products */;
			projectDirPath = "";
			projectRoot = "";
			targets = (
				50CF08B21D6D38D0000D98C3 /* TouristHelper */,
			);
		};
/* End PBXProject section */

/* Begin PBXResourcesBuildPhase section */
		50CF08B11D6D38D0000D98C3 /* Resources */ = {
			isa = PBXResourcesBuildPhase;
			buildActionMask = 2147483647;
			files = (
				50CF08C61D6D38D0000D98C3 /* LaunchScreen.storyboard in Resources */,
				50CF08C31D6D38D0000D98C3 /* Assets.xcassets in Resources */,
				50CF08C11D6D38D0000D98C3 /* Main.storyboard in Resources */,
			);
			runOnlyForDeploymentPostprocessing = 0;
		};
/* End PBXResourcesBuildPhase section */

/* Begin PBXShellScriptBuildPhase section */
		452A69B44A0E5E166000E567 /* [CP] Check Pods Manifest.lock */ = {
			isa = PBXShellScriptBuildPhase;
			buildActionMask = 2147483647;
			files = (
			);
			inputPaths = (
			);
			name = "[CP] Check Pods Manifest.lock";
			outputPaths = (
			);
			runOnlyForDeploymentPostprocessing = 0;
			shellPath = /bin/sh;
			shellScript = "diff \"${PODS_ROOT}/../Podfile.lock\" \"${PODS_ROOT}/Manifest.lock\" > /dev/null\nif [[ $? != 0 ]] ; then\n    cat << EOM\nerror: The sandbox is not in sync with the Podfile.lock. Run 'pod install' or update your CocoaPods installation.\nEOM\n    exit 1\nfi\n";
			showEnvVarsInLog = 0;
		};
		622E85C065C54DBBB0D03053 /* [CP] Embed Pods Frameworks */ = {
			isa = PBXShellScriptBuildPhase;
			buildActionMask = 2147483647;
			files = (
			);
			inputPaths = (
			);
			name = "[CP] Embed Pods Frameworks";
			outputPaths = (
			);
			runOnlyForDeploymentPostprocessing = 0;
			shellPath = /bin/sh;
			shellScript = "\"${SRCROOT}/Pods/Target Support Files/Pods-TouristHelper/Pods-TouristHelper-frameworks.sh\"\n";
			showEnvVarsInLog = 0;
		};
		6BE8BA193387D9C0FB2264E5 /* [CP] Copy Pods Resources */ = {
			isa = PBXShellScriptBuildPhase;
			buildActionMask = 2147483647;
			files = (
			);
			inputPaths = (
			);
			name = "[CP] Copy Pods Resources";
			outputPaths = (
			);
			runOnlyForDeploymentPostprocessing = 0;
			shellPath = /bin/sh;
			shellScript = "\"${SRCROOT}/Pods/Target Support Files/Pods-TouristHelper/Pods-TouristHelper-resources.sh\"\n";
			showEnvVarsInLog = 0;
		};
/* End PBXShellScriptBuildPhase section */

/* Begin PBXSourcesBuildPhase section */
		50CF08AF1D6D38D0000D98C3 /* Sources */ = {
			isa = PBXSourcesBuildPhase;
			buildActionMask = 2147483647;
			files = (
				50CF08BE1D6D38D0000D98C3 /* ViewController.m in Sources */,
				50CF08BB1D6D38D0000D98C3 /* AppDelegate.m in Sources */,
				50CF08B81D6D38D0000D98C3 /* main.m in Sources */,
				50C13A331D747C3B00C4C53E /* Place.m in Sources */,
			);
			runOnlyForDeploymentPostprocessing = 0;
		};
/* End PBXSourcesBuildPhase section */

/* Begin PBXVariantGroup section */
		50CF08BF1D6D38D0000D98C3 /* Main.storyboard */ = {
			isa = PBXVariantGroup;
			children = (
				50CF08C01D6D38D0000D98C3 /* Base */,
			);
			name = Main.storyboard;
			sourceTree = "<group>";
		};
		50CF08C41D6D38D0000D98C3 /* LaunchScreen.storyboard */ = {
			isa = PBXVariantGroup;
			children = (
				50CF08C51D6D38D0000D98C3 /* Base */,
			);
			name = LaunchScreen.storyboard;
			sourceTree = "<group>";
		};
/* End PBXVariantGroup section */

/* Begin XCBuildConfiguration section */
		50CF08C81D6D38D1000D98C3 /* Debug */ = {
			isa = XCBuildConfiguration;
			buildSettings = {
				ALWAYS_SEARCH_USER_PATHS = NO;
				CLANG_ANALYZER_NONNULL = YES;
				CLANG_CXX_LANGUAGE_STANDARD = "gnu++0x";
				CLANG_CXX_LIBRARY = "libc++";
				CLANG_ENABLE_MODULES = YES;
				CLANG_ENABLE_OBJC_ARC = YES;
				CLANG_WARN_BOOL_CONVERSION = YES;
				CLANG_WARN_CONSTANT_CONVERSION = YES;
				CLANG_WARN_DIRECT_OBJC_ISA_USAGE = YES_ERROR;
				CLANG_WARN_EMPTY_BODY = YES;
				CLANG_WARN_ENUM_CONVERSION = YES;
				CLANG_WARN_INT_CONVERSION = YES;
				CLANG_WARN_OBJC_ROOT_CLASS = YES_ERROR;
				CLANG_WARN_UNREACHABLE_CODE = YES;
				CLANG_WARN__DUPLICATE_METHOD_MATCH = YES;
				"CODE_SIGN_IDENTITY[sdk=iphoneos*]" = "iPhone Developer";
				COPY_PHASE_STRIP = NO;
				DEBUG_INFORMATION_FORMAT = dwarf;
				ENABLE_STRICT_OBJC_MSGSEND = YES;
				ENABLE_TESTABILITY = YES;
				GCC_C_LANGUAGE_STANDARD = gnu99;
				GCC_DYNAMIC_NO_PIC = NO;
				GCC_NO_COMMON_BLOCKS = YES;
				GCC_OPTIMIZATION_LEVEL = 0;
				GCC_PREPROCESSOR_DEFINITIONS = (
					"DEBUG=1",
					"$(inherited)",
				);
				GCC_WARN_64_TO_32_BIT_CONVERSION = YES;
				GCC_WARN_ABOUT_RETURN_TYPE = YES_ERROR;
				GCC_WARN_UNDECLARED_SELECTOR = YES;
				GCC_WARN_UNINITIALIZED_AUTOS = YES_AGGRESSIVE;
				GCC_WARN_UNUSED_FUNCTION = YES;
				GCC_WARN_UNUSED_VARIABLE = YES;
				IPHONEOS_DEPLOYMENT_TARGET = 9.3;
				MTL_ENABLE_DEBUG_INFO = YES;
				ONLY_ACTIVE_ARCH = YES;
				SDKROOT = iphoneos;
				TARGETED_DEVICE_FAMILY = "1,2";
			};
			name = Debug;
		};
		50CF08C91D6D38D1000D98C3 /* Release */ = {
			isa = XCBuildConfiguration;
			buildSettings = {
				ALWAYS_SEARCH_USER_PATHS = NO;
				CLANG_ANALYZER_NONNULL = YES;
				CLANG_CXX_LANGUAGE_STANDARD = "gnu++0x";
				CLANG_CXX_LIBRARY = "libc++";
				CLANG_ENABLE_MODULES = YES;
				CLANG_ENABLE_OBJC_ARC = YES;
				CLANG_WARN_BOOL_CONVERSION = YES;
				CLANG_WARN_CONSTANT_CONVERSION = YES;
				CLANG_WARN_DIRECT_OBJC_ISA_USAGE = YES_ERROR;
				CLANG_WARN_EMPTY_BODY = YES;
				CLANG_WARN_ENUM_CONVERSION = YES;
				CLANG_WARN_INT_CONVERSION = YES;
				CLANG_WARN_OBJC_ROOT_CLASS = YES_ERROR;
				CLANG_WARN_UNREACHABLE_CODE = YES;
				CLANG_WARN__DUPLICATE_METHOD_MATCH = YES;
				"CODE_SIGN_IDENTITY[sdk=iphoneos*]" = "iPhone Developer";
				COPY_PHASE_STRIP = NO;
				DEBUG_INFORMATION_FORMAT = "dwarf-with-dsym";
				ENABLE_NS_ASSERTIONS = NO;
				ENABLE_STRICT_OBJC_MSGSEND = YES;
				GCC_C_LANGUAGE_STANDARD = gnu99;
				GCC_NO_COMMON_BLOCKS = YES;
				GCC_WARN_64_TO_32_BIT_CONVERSION = YES;
				GCC_WARN_ABOUT_RETURN_TYPE = YES_ERROR;
				GCC_WARN_UNDECLARED_SELECTOR = YES;
				GCC_WARN_UNINITIALIZED_AUTOS = YES_AGGRESSIVE;
				GCC_WARN_UNUSED_FUNCTION = YES;
				GCC_WARN_UNUSED_VARIABLE = YES;
				IPHONEOS_DEPLOYMENT_TARGET = 9.3;
				MTL_ENABLE_DEBUG_INFO = NO;
				SDKROOT = iphoneos;
				TARGETED_DEVICE_FAMILY = "1,2";
				VALIDATE_PRODUCT = YES;
			};
			name = Release;
		};
		50CF08CB1D6D38D1000D98C3 /* Debug */ = {
			isa = XCBuildConfiguration;
			baseConfigurationReference = A035F742B64FA7303E4FEC26 /* Pods-TouristHelper.debug.xcconfig */;
			buildSettings = {
				ASSETCATALOG_COMPILER_APPICON_NAME = AppIcon;
				INFOPLIST_FILE = TouristHelper/Info.plist;
				LD_RUNPATH_SEARCH_PATHS = "$(inherited) @executable_path/Frameworks";
				PRODUCT_BUNDLE_IDENTIFIER = com.tamanna.TouristHelper;
				PRODUCT_NAME = "$(TARGET_NAME)";
			};
			name = Debug;
		};
		50CF08CC1D6D38D1000D98C3 /* Release */ = {
			isa = XCBuildConfiguration;
			baseConfigurationReference = 3BE42F51B9B8D1DAD5DBD843 /* Pods-TouristHelper.release.xcconfig */;
			buildSettings = {
				ASSETCATALOG_COMPILER_APPICON_NAME = AppIcon;
				INFOPLIST_FILE = TouristHelper/Info.plist;
				LD_RUNPATH_SEARCH_PATHS = "$(inherited) @executable_path/Frameworks";
				PRODUCT_BUNDLE_IDENTIFIER = com.tamanna.TouristHelper;
				PRODUCT_NAME = "$(TARGET_NAME)";
			};
			name = Release;
		};
/* End XCBuildConfiguration section */

/* Begin XCConfigurationList section */
		50CF08AE1D6D38D0000D98C3 /* Build configuration list for PBXProject "TouristHelper" */ = {
			isa = XCConfigurationList;
			buildConfigurations = (
				50CF08C81D6D38D1000D98C3 /* Debug */,
				50CF08C91D6D38D1000D98C3 /* Release */,
			);
			defaultConfigurationIsVisible = 0;
			defaultConfigurationName = Release;
		};
		50CF08CA1D6D38D1000D98C3 /* Build configuration list for PBXNativeTarget "TouristHelper" */ = {
			isa = XCConfigurationList;
			buildConfigurations = (
				50CF08CB1D6D38D1000D98C3 /* Debug */,
				50CF08CC1D6D38D1000D98C3 /* Release */,
			);
			defaultConfigurationIsVisible = 0;
			defaultConfigurationName = Release;
		};
/* End XCConfigurationList section */
	};
	rootObject = 50CF08AB1D6D38D0000D98C3 /* Project object */;
}
